PODS:
  - Alamofire (3.1.4)
  - ClosureKit (0.0.1)
  - SVProgressHUD (HEAD based on 2.0-beta)

DEPENDENCIES:
  - Alamofire
  - ClosureKit (from `https://github.com/Reflejo/ClosureKit`)
  - SVProgressHUD (HEAD)

EXTERNAL SOURCES:
  ClosureKit:
    :git: https://github.com/Reflejo/ClosureKit

CHECKOUT OPTIONS:
  ClosureKit:
    :commit: f69ce3a76006385d1ccdfabbaa0bcb6d1cd6988c
    :git: https://github.com/Reflejo/ClosureKit

SPEC CHECKSUMS:
  Alamofire: fbc829692f351fa1d8a31dd75fd7f7f56fea31fb
  ClosureKit: 68911cc45bdbf13b2a150066f729fb223bfd71a3
  SVProgressHUD: c83337f10ed32d701c423d519059a249973c8662

COCOAPODS: 0.39.0
